
Microsoft Visual Studio Solution File, Format Version 12.00
# Visual Studio Version 16
VisualStudioVersion = 16.0.29409.12
MinimumVisualStudioVersion = 10.0.40219.1
Project("{F184B08F-C81C-45F6-A57F-5ABD9991F28F}") = "p01", "p01\p01.vbproj", "{6835D60E-C1C7-45B6-87B4-4BE5153AD93D}"
EndProject
Global
	GlobalSection(SolutionConfigurationPlatforms) = preSolution
		Debug|Any CPU = Debug|Any CPU
		Release|Any CPU = Release|Any CPU
	EndGlobalSection
	GlobalSection(ProjectConfigurationPlatforms) = postSolution
		{6835D60E-C1C7-45B6-87B4-4BE5153AD93D}.Debug|Any CPU.ActiveCfg = Debug|Any CPU
		{6835D60E-C1C7-45B6-87B4-4BE5153AD93D}.Debug|Any CPU.Build.0 = Debug|Any CPU
		{6835D60E-C1C7-45B6-87B4-4BE5153AD93D}.Release|Any CPU.ActiveCfg = Release|Any CPU
		{6835D60E-C1C7-45B6-87B4-4BE5153AD93D}.Release|Any CPU.Build.0 = Release|Any CPU
	EndGlobalSection
	GlobalSection(SolutionProperties) = preSolution
		HideSolutionNode = FALSE
	EndGlobalSection
	GlobalSection(ExtensibilityGlobals) = postSolution
		SolutionGuid = {A1506394-2191-4540-BD3C-BE9C4197828D}
	EndGlobalSection
EndGlobal
